<?xml version="1.0" encoding="utf-8"?>
<Project ToolsVersion="4.0" xmlns="http://schemas.microsoft.com/developer/msbuild/2003">
  <ItemGroup>
    <Filter Include="Source Files">
      <UniqueIdentifier>{4FC737F1-C7A5-4376-A066-2A32D752A2FF}</UniqueIdentifier>
      <Extensions>cpp;c;cc;cxx;c++;cppm;ixx;def;odl;idl;hpj;bat;asm;asmx</Extensions>
    </Filter>
    <Filter Include="Header Files">
      <UniqueIdentifier>{93995380-89BD-4b04-88EB-625FBE52EBFB}</UniqueIdentifier>
      <Extensions>h;hh;hpp;hxx;h++;hm;inl;inc;ipp;xsd</Extensions>
    </Filter>
    <Filter Include="Resource Files">
      <UniqueIdentifier>{67DA6AB6-F800-4c08-8B7A-83BB121AAD01}</UniqueIdentifier>
      <Extensions>rc;ico;cur;bmp;dlg;rc2;rct;bin;rgs;gif;jpg;jpeg;jpe;resx;tiff;tif;png;wav;mfcribbon-ms</Extensions>
    </Filter>
    <Filter Include="Source Files\Shaders">
      <UniqueIdentifier>{0f44bc98-88ec-427a-9daa-02dbff64cc6a}</UniqueIdentifier>
    </Filter>
    <Filter Include="Source Files\Shaders\ComputeShaders">
      <UniqueIdentifier>{c31d5bda-a753-43bb-92aa-8220f6ec13e8}</UniqueIdentifier>
    </Filter>
  </ItemGroup>
  <ItemGroup>
    <ClInclude Include="..\Inc\ICBINDx11Drv.h">
      <Filter>Header Files</Filter>
    </ClInclude>
    <ClInclude Include="..\Inc\UnD3DShader.h">
      <Filter>Header Files</Filter>
    </ClInclude>
    <ClInclude Include="..\Inc\UnTexCache.h">
      <Filter>Header Files</Filter>
    </ClInclude>
  </ItemGroup>
  <ItemGroup>
    <ClCompile Include="UnICBINDDx11Drv.cpp">
      <Filter>Source Files</Filter>
    </ClCompile>
    <ClCompile Include="UnTiles.cpp">
      <Filter>Source Files</Filter>
    </ClCompile>
    <ClCompile Include="UnSurf.cpp">
      <Filter>Source Files</Filter>
    </ClCompile>
    <ClCompile Include="UnHPCustom.cpp">
      <Filter>Source Files</Filter>
    </ClCompile>
    <ClCompile Include="UnHitTesting.cpp">
      <Filter>Source Files</Filter>
    </ClCompile>
    <ClCompile Include="UnLines.cpp">
      <Filter>Source Files</Filter>
    </ClCompile>
    <ClCompile Include="UnTriangles.cpp">
      <Filter>Source Files</Filter>
    </ClCompile>
    <ClCompile Include="UnGenericShader.cpp">
      <Filter>Source Files\Shaders</Filter>
    </ClCompile>
    <ClCompile Include="UnShader.cpp">
      <Filter>Source Files\Shaders</Filter>
    </ClCompile>
    <ClCompile Include="UnTileShader.cpp">
      <Filter>Source Files\Shaders</Filter>
    </ClCompile>
    <ClCompile Include="UnComputeShader.cpp">
      <Filter>Source Files\Shaders\ComputeShaders</Filter>
    </ClCompile>
    <ClCompile Include="UnTexture.cpp">
      <Filter>Source Files</Filter>
    </ClCompile>
    <ClCompile Include="UnMeshShader.cpp">
      <Filter>Source Files\Shaders</Filter>
    </ClCompile>
    <ClCompile Include="UnComplexSurfShader.cpp">
      <Filter>Source Files\Shaders</Filter>
    </ClCompile>
    <ClCompile Include="UnLineShader.cpp">
      <Filter>Source Files\Shaders</Filter>
    </ClCompile>
    <ClCompile Include="UnConfig.cpp">
      <Filter>Source Files</Filter>
    </ClCompile>
    <ClCompile Include="UnMSAAShader.cpp">
      <Filter>Source Files\Shaders\ComputeShaders</Filter>
    </ClCompile>
    <ClCompile Include="ResScalingShader.cpp">
      <Filter>Source Files\Shaders\ComputeShaders</Filter>
    </ClCompile>
    <ClCompile Include="UnP8ToRGBAShader.cpp">
      <Filter>Source Files\Shaders\ComputeShaders</Filter>
    </ClCompile>
    <ClCompile Include="UnTexCache.cpp">
      <Filter>Source Files</Filter>
    </ClCompile>
  </ItemGroup>
</Project>